<?xml version="1.0" encoding="utf-8"?>
<Project ToolsVersion="4.0" xmlns="http://schemas.microsoft.com/developer/msbuild/2003">
  <ItemGroup>
    <Filter Include="Source Files">
      <UniqueIdentifier>{4FC737F1-C7A5-4376-A066-2A32D752A2FF}</UniqueIdentifier>
      <Extensions>cpp;c;cc;cxx;def;odl;idl;hpj;bat;asm;asmx</Extensions>
    </Filter>
    <Filter Include="Header Files">
      <UniqueIdentifier>{93995380-89BD-4b04-88EB-625FBE52EBFB}</UniqueIdentifier>
      <Extensions>h;hh;hpp;hxx;hm;inl;inc;xsd</Extensions>
    </Filter>
    <Filter Include="Resource Files">
      <UniqueIdentifier>{D9D6E242-F8AF-46E4-B9FD-80ECBC20BA3E}</UniqueIdentifier>
      <Extensions>qrc;*</Extensions>
      <ParseFiles>false</ParseFiles>
    </Filter>
    <Filter Include="Form Files">
      <UniqueIdentifier>{99349809-55BA-4b9d-BF79-8FDBB0286EB3}</UniqueIdentifier>
      <Extensions>ui</Extensions>
    </Filter>
    <Filter Include="Resource Files">
      <UniqueIdentifier>{D9D6E242-F8AF-46E4-B9FD-80ECBC20BA3E}</UniqueIdentifier>
      <Extensions>qrc;*</Extensions>
      <ParseFiles>false</ParseFiles>
    </Filter>
    <Filter Include="Generated Files">
      <UniqueIdentifier>{71ED8ED8-ACB9-4CE9-BBE1-E00B30144E11}</UniqueIdentifier>
      <Extensions>moc;h;cpp</Extensions>
      <SourceControlFiles>False</SourceControlFiles>
    </Filter>
    <Filter Include="Header Files\UIL">
      <UniqueIdentifier>{f40097ca-f0ca-43f4-bb57-472fc87405ce}</UniqueIdentifier>
    </Filter>
    <Filter Include="Header Files\DAL">
      <UniqueIdentifier>{33d8be8a-2e64-4755-8f95-cda2474c3494}</UniqueIdentifier>
    </Filter>
    <Filter Include="Source Files\DAL">
      <UniqueIdentifier>{abaf7d88-0d70-43a4-8d23-f08f8f3e1e71}</UniqueIdentifier>
    </Filter>
    <Filter Include="Source Files\UIL">
      <UniqueIdentifier>{1a60a992-a05f-45c6-95cc-5e10f74309d7}</UniqueIdentifier>
    </Filter>
    <Filter Include="Source Files\Driver">
      <UniqueIdentifier>{76db7488-69b9-4055-93f8-b353ad392d9e}</UniqueIdentifier>
    </Filter>
    <Filter Include="Generated Files\Debug">
      <UniqueIdentifier>{38a98536-1113-4884-8644-8133bee4be31}</UniqueIdentifier>
      <Extensions>cpp;moc</Extensions>
      <SourceControlFiles>False</SourceControlFiles>
    </Filter>
    <Filter Include="Generated Files\Release">
      <UniqueIdentifier>{d84f89cf-56c2-4942-9a70-8da8b414b03a}</UniqueIdentifier>
      <Extensions>cpp;moc</Extensions>
      <SourceControlFiles>False</SourceControlFiles>
    </Filter>
    <Filter Include="Header Files\Driver">
      <UniqueIdentifier>{7f903dd8-fe7f-465d-a02e-823a2a59e02d}</UniqueIdentifier>
    </Filter>
  </ItemGroup>
  <ItemGroup>
    <ClCompile Include="main.cpp">
      <Filter>Source Files</Filter>
    </ClCompile>
    <ClCompile Include="stdafx.cpp">
      <Filter>Source Files</Filter>
    </ClCompile>
    <ClCompile Include="ClientInfo.cpp">
      <Filter>Source Files\UIL</Filter>
    </ClCompile>
    <ClCompile Include="ManagementClient.cpp">
      <Filter>Source Files\UIL</Filter>
    </ClCompile>
    <ClCompile Include="DAL.cpp">
      <Filter>Source Files\DAL</Filter>
    </ClCompile>
    <ClCompile Include="MoneyBindingMachineDriver.cpp">
      <Filter>Source Files\Driver</Filter>
    </ClCompile>
    <ClCompile Include="ClientDetial.cpp">
      <Filter>Source Files\UIL</Filter>
    </ClCompile>
    <ClCompile Include="GlobalParam.cpp">
      <Filter>Source Files</Filter>
    </ClCompile>
    <ClCompile Include="GeneratedFiles\Debug\moc_DAL.cpp">
      <Filter>Generated Files\Debug</Filter>
    </ClCompile>
    <ClCompile Include="GeneratedFiles\Release\moc_DAL.cpp">
      <Filter>Generated Files\Release</Filter>
    </ClCompile>
    <ClCompile Include="GeneratedFiles\Debug\moc_ClientDetial.cpp">
      <Filter>Generated Files\Debug</Filter>
    </ClCompile>
    <ClCompile Include="GeneratedFiles\Release\moc_ClientDetial.cpp">
      <Filter>Generated Files\Release</Filter>
    </ClCompile>
    <ClCompile Include="GeneratedFiles\Debug\moc_ManagementClient.cpp">
      <Filter>Generated Files\Debug</Filter>
    </ClCompile>
    <ClCompile Include="GeneratedFiles\Release\moc_ManagementClient.cpp">
      <Filter>Generated Files\Release</Filter>
    </ClCompile>
    <ClCompile Include="GeneratedFiles\Debug\moc_GlobalParam.cpp">
      <Filter>Generated Files\Debug</Filter>
    </ClCompile>
    <ClCompile Include="GeneratedFiles\Release\moc_GlobalParam.cpp">
      <Filter>Generated Files\Release</Filter>
    </ClCompile>
    <ClCompile Include="GeneratedFiles\Debug\moc_ClientInfo.cpp">
      <Filter>Generated Files\Debug</Filter>
    </ClCompile>
    <ClCompile Include="GeneratedFiles\Release\moc_ClientInfo.cpp">
      <Filter>Generated Files\Release</Filter>
    </ClCompile>
    <ClCompile Include="GeneratedFiles\Debug\moc_DataBaseOperator.cpp">
      <Filter>Generated Files\Debug</Filter>
    </ClCompile>
    <ClCompile Include="GeneratedFiles\Release\moc_DataBaseOperator.cpp">
      <Filter>Generated Files\Release</Filter>
    </ClCompile>
    <ClCompile Include="DataBaseOperator.cpp">
      <Filter>Source Files\DAL</Filter>
    </ClCompile>
    <ClCompile Include="GeneratedFiles\Debug\moc_BagModify.cpp">
      <Filter>Generated Files\Debug</Filter>
    </ClCompile>
    <ClCompile Include="GeneratedFiles\Release\moc_BagModify.cpp">
      <Filter>Generated Files\Release</Filter>
    </ClCompile>
    <ClCompile Include="BagModify.cpp">
      <Filter>Source Files\UIL</Filter>
    </ClCompile>
    <ClCompile Include="GeneratedFiles\Debug\moc_QOnlineNetMsg.cpp">
      <Filter>Generated Files\Debug</Filter>
    </ClCompile>
    <ClCompile Include="GeneratedFiles\Release\moc_QOnlineNetMsg.cpp">
      <Filter>Generated Files\Release</Filter>
    </ClCompile>
    <ClCompile Include="QOnlineNetMsg.cpp">
      <Filter>Source Files</Filter>
    </ClCompile>
    <ClCompile Include="GeneratedFiles\Debug\moc_RefreshThread.cpp">
      <Filter>Generated Files\Debug</Filter>
    </ClCompile>
    <ClCompile Include="GeneratedFiles\Release\moc_RefreshThread.cpp">
      <Filter>Generated Files\Release</Filter>
    </ClCompile>
    <ClCompile Include="RefreshThread.cpp">
      <Filter>Source Files</Filter>
    </ClCompile>
  </ItemGroup>
  <ItemGroup>
    <ClInclude Include="stdafx.h">
      <Filter>Header Files</Filter>
    </ClInclude>
    <ClInclude Include="model.h">
      <Filter>Header Files\DAL</Filter>
    </ClInclude>
    <ClInclude Include="DALCommon.h">
      <Filter>Header Files\DAL</Filter>
    </ClInclude>
    <ClInclude Include="Define.h">
      <Filter>Header Files</Filter>
    </ClInclude>
    <ClInclude Include="GeneratedFiles\ui_BagModify.h">
      <Filter>Generated Files</Filter>
    </ClInclude>
  </ItemGroup>
  <ItemGroup>
    <QtMoc Include="MoneyBindingMachineDriver.h">
      <Filter>Header Files\Driver</Filter>
    </QtMoc>
  </ItemGroup>
  <ItemGroup>
    <QtUic Include="ManagementClient.ui">
      <Filter>Form Files</Filter>
    </QtUic>
    <QtUic Include="ClientInfo.ui">
      <Filter>Form Files</Filter>
    </QtUic>
    <QtUic Include="ClientDetial.ui">
      <Filter>Form Files</Filter>
    </QtUic>
  </ItemGroup>
  <ItemGroup>
    <QtRcc Include="ManagementClient.qrc">
      <Filter>Resource Files</Filter>
    </QtRcc>
  </ItemGroup>
  <ItemGroup>
    <ResourceCompile Include="ManagementClient.rc" />
  </ItemGroup>
  <ItemGroup>
    <CustomBuild Include="DAL.h">
      <Filter>Header Files\DAL</Filter>
    </CustomBuild>
    <CustomBuild Include="ClientDetial.h">
      <Filter>Header Files\UIL</Filter>
    </CustomBuild>
    <CustomBuild Include="ManagementClient.h">
      <Filter>Header Files\UIL</Filter>
    </CustomBuild>
    <CustomBuild Include="GlobalParam.h">
      <Filter>Header Files</Filter>
    </CustomBuild>
    <CustomBuild Include="ClientInfo.h">
      <Filter>Header Files\UIL</Filter>
    </CustomBuild>
    <CustomBuild Include="DataBaseOperator.h">
      <Filter>Header Files\DAL</Filter>
    </CustomBuild>
    <CustomBuild Include="BagModify.ui">
      <Filter>Form Files</Filter>
    </CustomBuild>
    <CustomBuild Include="BagModify.h">
      <Filter>Header Files\UIL</Filter>
    </CustomBuild>
    <CustomBuild Include="QOnlineNetMsg.h">
      <Filter>Header Files</Filter>
    </CustomBuild>
    <CustomBuild Include="RefreshThread.h">
      <Filter>Header Files</Filter>
    </CustomBuild>
  </ItemGroup>
  <ItemGroup>
    <None Include="..\bin\style.qss">
      <Filter>Source Files</Filter>
    </None>
  </ItemGroup>
</Project>